{
  "version": 4,
  "terraform_version": "0.14.7",
  "serial": 25,
  "lineage": "33ed256f-e1f6-dd3b-77bd-a2942a4e3c63",
  "outputs": {
    "app_external_ip": {
      "value": "34.77.208.254",
      "type": "string"
    }
  },
  "resources": [
    {
      "mode": "managed",
      "type": "google_compute_firewall",
      "name": "firewall_puma",
      "provider": "provider[\"registry.terraform.io/hashicorp/google\"]",
      "instances": [
        {
          "schema_version": 1,
          "attributes": {
            "allow": [
              {
                "ports": [
                  "9292"
                ],
                "protocol": "tcp"
              }
            ],
            "creation_timestamp": "2021-02-24T02:00:08.963-08:00",
            "deny": [],
            "description": "",
            "destination_ranges": [],
            "direction": "INGRESS",
            "disabled": false,
            "enable_logging": null,
            "id": "projects/festive-athlete-305213/global/firewalls/allow-puma-default",
            "log_config": [],
            "name": "allow-puma-default",
            "network": "https://www.googleapis.com/compute/v1/projects/festive-athlete-305213/global/networks/default",
            "priority": 1000,
            "project": "festive-athlete-305213",
            "self_link": "https://www.googleapis.com/compute/v1/projects/festive-athlete-305213/global/firewalls/allow-puma-default",
            "source_ranges": [
              "0.0.0.0/0"
            ],
            "source_service_accounts": [],
            "source_tags": [],
            "target_service_accounts": [],
            "target_tags": [
              "reddit-app"
            ],
            "timeouts": null
          },
          "sensitive_attributes": [],
          "private": "eyJlMmJmYjczMC1lY2FhLTExZTYtOGY4OC0zNDM2M2JjN2M0YzAiOnsiY3JlYXRlIjoyNDAwMDAwMDAwMDAsImRlbGV0ZSI6MjQwMDAwMDAwMDAwLCJ1cGRhdGUiOjI0MDAwMDAwMDAwMH0sInNjaGVtYV92ZXJzaW9uIjoiMSJ9"
        }
      ]
    },
    {
      "mode": "managed",
      "type": "google_compute_instance",
      "name": "app",
      "provider": "provider[\"registry.terraform.io/hashicorp/google\"]",
      "instances": [
        {
          "schema_version": 6,
          "attributes": {
            "allow_stopping_for_update": null,
            "attached_disk": [],
            "boot_disk": [
              {
                "auto_delete": true,
                "device_name": "persistent-disk-0",
                "disk_encryption_key_raw": "",
                "disk_encryption_key_sha256": "",
                "initialize_params": [
                  {
                    "image": "https://www.googleapis.com/compute/v1/projects/festive-athlete-305213/global/images/reddit-base-1613662386",
                    "labels": {},
                    "size": 10,
                    "type": "pd-standard"
                  }
                ],
                "kms_key_self_link": "",
                "mode": "READ_WRITE",
                "source": "https://www.googleapis.com/compute/v1/projects/festive-athlete-305213/zones/europe-west1-b/disks/reddit-app"
              }
            ],
            "can_ip_forward": false,
            "confidential_instance_config": [],
            "cpu_platform": "Intel Haswell",
            "current_status": "RUNNING",
            "deletion_protection": false,
            "description": "",
            "desired_status": null,
            "enable_display": false,
            "guest_accelerator": [],
            "hostname": "",
            "id": "projects/festive-athlete-305213/zones/europe-west1-b/instances/reddit-app",
            "instance_id": "4062533925520251636",
            "label_fingerprint": "42WmSpB8rSM=",
            "labels": null,
            "machine_type": "e2-micro",
            "metadata": {
              "ssh-keys": "appuser:ssh-rsa AAAAB3NzaC1yc2EAAAADAQABAAABgQC4vbI8ZYboTGwtPQUdOcfI9FDdzP5wwJZERGU+z5glMMLQR0KCtgDUxPULTZuJn5J+7Yacrc0M+wqcTJAIikKQNaUJB20H4mXKRIG2fvMitawE0mtFGRfVw02w+phXepYLQYPEwdU+Om9QQeFopCzVJvPIkIQUG9uKf03lsUjVohHGn8KKaRGwOYizcpG+Mq3qXAUoq9/71UHT3i0/mUsc+/MoB3uGWd4ipiJqZe/Sj9ZLnmk6Q0eYVMRNZXxxuV8MFsQ9d5do+KcBGCY/CQ6QHuCZl/mtj8L7+MU3+SCoquddXxxR3/MOTST5n+Dt9qpLXzMhI7b+bJm6DkrL2X0wm6TG2/aLZIuvgK5gcCBQ8GmKMPwAKWPkdafAbtHckwzLx2Kh7umGcn0c8dbqRPkX03/nk4Y6kO7r5YJl0uBhCr8LE8Sm/OOsaErFMRK7/lh7pEIW0sDH4Mr0mIJM70JecP5GJfpA0z3/8CVTTOqV0tbXV17gybCfEWNTESUOfcs= appuser\n"
            },
            "metadata_fingerprint": "pRCPWkrP5ig=",
            "metadata_startup_script": "",
            "min_cpu_platform": "",
            "name": "reddit-app",
            "network_interface": [
              {
                "access_config": [
                  {
                    "nat_ip": "34.77.208.254",
                    "network_tier": "PREMIUM",
                    "public_ptr_domain_name": ""
                  }
                ],
                "alias_ip_range": [],
                "name": "nic0",
                "network": "https://www.googleapis.com/compute/v1/projects/festive-athlete-305213/global/networks/default",
                "network_ip": "10.132.0.20",
                "subnetwork": "https://www.googleapis.com/compute/v1/projects/festive-athlete-305213/regions/europe-west1/subnetworks/default",
                "subnetwork_project": "festive-athlete-305213"
              }
            ],
            "project": "festive-athlete-305213",
            "resource_policies": null,
            "scheduling": [
              {
                "automatic_restart": true,
                "node_affinities": [],
                "on_host_maintenance": "MIGRATE",
                "preemptible": false
              }
            ],
            "scratch_disk": [],
            "self_link": "https://www.googleapis.com/compute/v1/projects/festive-athlete-305213/zones/europe-west1-b/instances/reddit-app",
            "service_account": [],
            "shielded_instance_config": [
              {
                "enable_integrity_monitoring": true,
                "enable_secure_boot": false,
                "enable_vtpm": true
              }
            ],
            "tags": [
              "reddit-app"
            ],
            "tags_fingerprint": "M-ggixIz-AU=",
            "timeouts": null,
            "zone": "europe-west1-b"
          },
          "sensitive_attributes": [],
          "private": "eyJlMmJmYjczMC1lY2FhLTExZTYtOGY4OC0zNDM2M2JjN2M0YzAiOnsiY3JlYXRlIjoxMjAwMDAwMDAwMDAwLCJkZWxldGUiOjEyMDAwMDAwMDAwMDAsInVwZGF0ZSI6MTIwMDAwMDAwMDAwMH0sInNjaGVtYV92ZXJzaW9uIjoiNiJ9"
        }
      ]
    }
  ]
}
